
Microsoft Visual Studio Solution File, Format Version 12.00
# Visual Studio Version 16
VisualStudioVersion = 16.0.30114.105
MinimumVisualStudioVersion = 10.0.40219.1
Project("{FAE04EC0-301F-11D3-BF4B-00C04F79EFBC}") = "MenuLocalização", "MenuLocalização.csproj", "{FBF23278-3FA3-47C5-8A59-D16C23059FB9}"
EndProject
Global
	GlobalSection(SolutionConfigurationPlatforms) = preSolution
		Debug|Any CPU = Debug|Any CPU
		Release|Any CPU = Release|Any CPU
	EndGlobalSection
	GlobalSection(ProjectConfigurationPlatforms) = postSolution
		{FBF23278-3FA3-47C5-8A59-D16C23059FB9}.Debug|Any CPU.ActiveCfg = Debug|Any CPU
		{FBF23278-3FA3-47C5-8A59-D16C23059FB9}.Debug|Any CPU.Build.0 = Debug|Any CPU
		{FBF23278-3FA3-47C5-8A59-D16C23059FB9}.Release|Any CPU.ActiveCfg = Release|Any CPU
		{FBF23278-3FA3-47C5-8A59-D16C23059FB9}.Release|Any CPU.Build.0 = Release|Any CPU
	EndGlobalSection
	GlobalSection(SolutionProperties) = preSolution
		HideSolutionNode = FALSE
	EndGlobalSection
	GlobalSection(ExtensibilityGlobals) = postSolution
		SolutionGuid = {B5FD49B8-11AD-4E97-84D8-FA2D1CF027D9}
	EndGlobalSection
EndGlobal
