
Microsoft Visual Studio Solution File, Format Version 12.00
# Visual Studio Version 16
VisualStudioVersion = 16.0.30611.23
MinimumVisualStudioVersion = 10.0.40219.1
Project("{FAE04EC0-301F-11D3-BF4B-00C04F79EFBC}") = "Programa 5", "Programa 5\Programa 5.csproj", "{A9FBE639-464B-4AF7-899F-75FE539F92DA}"
EndProject
Global
	GlobalSection(SolutionConfigurationPlatforms) = preSolution
		Debug|Any CPU = Debug|Any CPU
		Release|Any CPU = Release|Any CPU
	EndGlobalSection
	GlobalSection(ProjectConfigurationPlatforms) = postSolution
		{A9FBE639-464B-4AF7-899F-75FE539F92DA}.Debug|Any CPU.ActiveCfg = Debug|Any CPU
		{A9FBE639-464B-4AF7-899F-75FE539F92DA}.Debug|Any CPU.Build.0 = Debug|Any CPU
		{A9FBE639-464B-4AF7-899F-75FE539F92DA}.Release|Any CPU.ActiveCfg = Release|Any CPU
		{A9FBE639-464B-4AF7-899F-75FE539F92DA}.Release|Any CPU.Build.0 = Release|Any CPU
	EndGlobalSection
	GlobalSection(SolutionProperties) = preSolution
		HideSolutionNode = FALSE
	EndGlobalSection
	GlobalSection(ExtensibilityGlobals) = postSolution
		SolutionGuid = {7BE68F43-D694-4A97-BA9E-E06E808D5C05}
	EndGlobalSection
EndGlobal
